// !$*UTF8*$!
{
	archiveVersion = 1;
	classes = {
	};
	objectVersion = 46;
	objects = {

/* Begin PBXBuildFile section */
		8C7B8EC51D8D044300CE7282 /* AppDelegate.swift in Sources */ = {isa = PBXBuildFile; fileRef = 8C7B8EC41D8D044300CE7282 /* AppDelegate.swift */; };
		8C7B8EC71D8D044300CE7282 /* ViewController.swift in Sources */ = {isa = PBXBuildFile; fileRef = 8C7B8EC61D8D044300CE7282 /* ViewController.swift */; };
		8C7B8ECA1D8D044300CE7282 /* Main.storyboard in Resources */ = {isa = PBXBuildFile; fileRef = 8C7B8EC81D8D044300CE7282 /* Main.storyboard */; };
		8C7B8ECC1D8D044300CE7282 /* Assets.xcassets in Resources */ = {isa = PBXBuildFile; fileRef = 8C7B8ECB1D8D044300CE7282 /* Assets.xcassets */; };
		8C7B8ECF1D8D044300CE7282 /* LaunchScreen.storyboard in Resources */ = {isa = PBXBuildFile; fileRef = 8C7B8ECD1D8D044300CE7282 /* LaunchScreen.storyboard */; };
		8C7B8ED81D8D068900CE7282 /* ApiHelper.swift in Sources */ = {isa = PBXBuildFile; fileRef = 8C7B8ED71D8D068900CE7282 /* ApiHelper.swift */; };
		8C7B8EDD1D8D06DE00CE7282 /* ApiConstant.swift in Sources */ = {isa = PBXBuildFile; fileRef = 8C7B8EDC1D8D06DE00CE7282 /* ApiConstant.swift */; };
		8C7B8EE01D8D115D00CE7282 /* Movie.swift in Sources */ = {isa = PBXBuildFile; fileRef = 8C7B8EDF1D8D115D00CE7282 /* Movie.swift */; };
		8C7B8EE51D8D23B700CE7282 /* MoviesListViewController.swift in Sources */ = {isa = PBXBuildFile; fileRef = 8C7B8EE41D8D23B700CE7282 /* MoviesListViewController.swift */; };
		8C7B8EE81D8D24E500CE7282 /* MovieListTableViewCell.swift in Sources */ = {isa = PBXBuildFile; fileRef = 8C7B8EE71D8D24E500CE7282 /* MovieListTableViewCell.swift */; };
/* End PBXBuildFile section */

/* Begin PBXFileReference section */
		8C7B8EC11D8D044300CE7282 /* Movie-Search-Rohit.app */ = {isa = PBXFileReference; explicitFileType = wrapper.application; includeInIndex = 0; path = "Movie-Search-Rohit.app"; sourceTree = BUILT_PRODUCTS_DIR; };
		8C7B8EC41D8D044300CE7282 /* AppDelegate.swift */ = {isa = PBXFileReference; lastKnownFileType = sourcecode.swift; path = AppDelegate.swift; sourceTree = "<group>"; };
		8C7B8EC61D8D044300CE7282 /* ViewController.swift */ = {isa = PBXFileReference; lastKnownFileType = sourcecode.swift; path = ViewController.swift; sourceTree = "<group>"; };
		8C7B8EC91D8D044300CE7282 /* Base */ = {isa = PBXFileReference; lastKnownFileType = file.storyboard; name = Base; path = Base.lproj/Main.storyboard; sourceTree = "<group>"; };
		8C7B8ECB1D8D044300CE7282 /* Assets.xcassets */ = {isa = PBXFileReference; lastKnownFileType = folder.assetcatalog; path = Assets.xcassets; sourceTree = "<group>"; };
		8C7B8ECE1D8D044300CE7282 /* Base */ = {isa = PBXFileReference; lastKnownFileType = file.storyboard; name = Base; path = Base.lproj/LaunchScreen.storyboard; sourceTree = "<group>"; };
		8C7B8ED01D8D044300CE7282 /* Info.plist */ = {isa = PBXFileReference; lastKnownFileType = text.plist.xml; path = Info.plist; sourceTree = "<group>"; };
		8C7B8ED71D8D068900CE7282 /* ApiHelper.swift */ = {isa = PBXFileReference; fileEncoding = 4; lastKnownFileType = sourcecode.swift; path = ApiHelper.swift; sourceTree = "<group>"; };
		8C7B8EDC1D8D06DE00CE7282 /* ApiConstant.swift */ = {isa = PBXFileReference; fileEncoding = 4; lastKnownFileType = sourcecode.swift; path = ApiConstant.swift; sourceTree = "<group>"; };
		8C7B8EDF1D8D115D00CE7282 /* Movie.swift */ = {isa = PBXFileReference; fileEncoding = 4; lastKnownFileType = sourcecode.swift; path = Movie.swift; sourceTree = "<group>"; };
		8C7B8EE41D8D23B700CE7282 /* MoviesListViewController.swift */ = {isa = PBXFileReference; fileEncoding = 4; lastKnownFileType = sourcecode.swift; path = MoviesListViewController.swift; sourceTree = "<group>"; };
		8C7B8EE71D8D24E500CE7282 /* MovieListTableViewCell.swift */ = {isa = PBXFileReference; fileEncoding = 4; lastKnownFileType = sourcecode.swift; path = MovieListTableViewCell.swift; sourceTree = "<group>"; };
/* End PBXFileReference section */

/* Begin PBXFrameworksBuildPhase section */
		8C7B8EBE1D8D044200CE7282 /* Frameworks */ = {
			isa = PBXFrameworksBuildPhase;
			buildActionMask = 2147483647;
			files = (
			);
			runOnlyForDeploymentPostprocessing = 0;
		};
/* End PBXFrameworksBuildPhase section */

/* Begin PBXGroup section */
		8C7B8EB81D8D044200CE7282 = {
			isa = PBXGroup;
			children = (
				8C7B8EC31D8D044300CE7282 /* Movie-Search-Rohit */,
				8C7B8EC21D8D044300CE7282 /* Products */,
			);
			sourceTree = "<group>";
		};
		8C7B8EC21D8D044300CE7282 /* Products */ = {
			isa = PBXGroup;
			children = (
				8C7B8EC11D8D044300CE7282 /* Movie-Search-Rohit.app */,
			);
			name = Products;
			sourceTree = "<group>";
		};
		8C7B8EC31D8D044300CE7282 /* Movie-Search-Rohit */ = {
			isa = PBXGroup;
			children = (
				8C7B8EE61D8D241F00CE7282 /* ModelView */,
				8C7B8EDE1D8D113C00CE7282 /* Models */,
				8C7B8ED91D8D06A700CE7282 /* Constants */,
				8C7B8ED61D8D065E00CE7282 /* Helper */,
				8C7B8EC41D8D044300CE7282 /* AppDelegate.swift */,
				8C7B8EC61D8D044300CE7282 /* ViewController.swift */,
				8C7B8EC81D8D044300CE7282 /* Main.storyboard */,
				8C7B8ECB1D8D044300CE7282 /* Assets.xcassets */,
				8C7B8ECD1D8D044300CE7282 /* LaunchScreen.storyboard */,
				8C7B8ED01D8D044300CE7282 /* Info.plist */,
				8C7B8EE41D8D23B700CE7282 /* MoviesListViewController.swift */,
			);
			path = "Movie-Search-Rohit";
			sourceTree = "<group>";
		};
		8C7B8ED61D8D065E00CE7282 /* Helper */ = {
			isa = PBXGroup;
			children = (
				8C7B8ED71D8D068900CE7282 /* ApiHelper.swift */,
			);
			name = Helper;
			sourceTree = "<group>";
		};
		8C7B8ED91D8D06A700CE7282 /* Constants */ = {
			isa = PBXGroup;
			children = (
				8C7B8EDC1D8D06DE00CE7282 /* ApiConstant.swift */,
			);
			name = Constants;
			sourceTree = "<group>";
		};
		8C7B8EDE1D8D113C00CE7282 /* Models */ = {
			isa = PBXGroup;
			children = (
				8C7B8EDF1D8D115D00CE7282 /* Movie.swift */,
			);
			name = Models;
			sourceTree = "<group>";
		};
		8C7B8EE61D8D241F00CE7282 /* ModelView */ = {
			isa = PBXGroup;
			children = (
				8C7B8EE71D8D24E500CE7282 /* MovieListTableViewCell.swift */,
			);
			name = ModelView;
			sourceTree = "<group>";
		};
/* End PBXGroup section */

/* Begin PBXNativeTarget section */
		8C7B8EC01D8D044200CE7282 /* Movie-Search-Rohit */ = {
			isa = PBXNativeTarget;
			buildConfigurationList = 8C7B8ED31D8D044300CE7282 /* Build configuration list for PBXNativeTarget "Movie-Search-Rohit" */;
			buildPhases = (
				8C7B8EBD1D8D044200CE7282 /* Sources */,
				8C7B8EBE1D8D044200CE7282 /* Frameworks */,
				8C7B8EBF1D8D044200CE7282 /* Resources */,
			);
			buildRules = (
			);
			dependencies = (
			);
			name = "Movie-Search-Rohit";
			productName = "Movie-Search-Rohit";
			productReference = 8C7B8EC11D8D044300CE7282 /* Movie-Search-Rohit.app */;
			productType = "com.apple.product-type.application";
		};
/* End PBXNativeTarget section */

/* Begin PBXProject section */
		8C7B8EB91D8D044200CE7282 /* Project object */ = {
			isa = PBXProject;
			attributes = {
				LastSwiftUpdateCheck = 0730;
				LastUpgradeCheck = 0730;
				ORGANIZATIONNAME = "Ignite Solutions";
				TargetAttributes = {
					8C7B8EC01D8D044200CE7282 = {
						CreatedOnToolsVersion = 7.3.1;
					};
				};
			};
			buildConfigurationList = 8C7B8EBC1D8D044200CE7282 /* Build configuration list for PBXProject "Movie-Search-Rohit" */;
			compatibilityVersion = "Xcode 3.2";
			developmentRegion = English;
			hasScannedForEncodings = 0;
			knownRegions = (
				en,
				Base,
			);
			mainGroup = 8C7B8EB81D8D044200CE7282;
			productRefGroup = 8C7B8EC21D8D044300CE7282 /* Products */;
			projectDirPath = "";
			projectRoot = "";
			targets = (
				8C7B8EC01D8D044200CE7282 /* Movie-Search-Rohit */,
			);
		};
/* End PBXProject section */

/* Begin PBXResourcesBuildPhase section */
		8C7B8EBF1D8D044200CE7282 /* Resources */ = {
			isa = PBXResourcesBuildPhase;
			buildActionMask = 2147483647;
			files = (
				8C7B8ECF1D8D044300CE7282 /* LaunchScreen.storyboard in Resources */,
				8C7B8ECC1D8D044300CE7282 /* Assets.xcassets in Resources */,
				8C7B8ECA1D8D044300CE7282 /* Main.storyboard in Resources */,
			);
			runOnlyForDeploymentPostprocessing = 0;
		};
/* End PBXResourcesBuildPhase section */

/* Begin PBXSourcesBuildPhase section */
		8C7B8EBD1D8D044200CE7282 /* Sources */ = {
			isa = PBXSourcesBuildPhase;
			buildActionMask = 2147483647;
			files = (
				8C7B8EDD1D8D06DE00CE7282 /* ApiConstant.swift in Sources */,
				8C7B8ED81D8D068900CE7282 /* ApiHelper.swift in Sources */,
				8C7B8EC71D8D044300CE7282 /* ViewController.swift in Sources */,
				8C7B8EE81D8D24E500CE7282 /* MovieListTableViewCell.swift in Sources */,
				8C7B8EC51D8D044300CE7282 /* AppDelegate.swift in Sources */,
				8C7B8EE01D8D115D00CE7282 /* Movie.swift in Sources */,
				8C7B8EE51D8D23B700CE7282 /* MoviesListViewController.swift in Sources */,
			);
			runOnlyForDeploymentPostprocessing = 0;
		};
/* End PBXSourcesBuildPhase section */

/* Begin PBXVariantGroup section */
		8C7B8EC81D8D044300CE7282 /* Main.storyboard */ = {
			isa = PBXVariantGroup;
			children = (
				8C7B8EC91D8D044300CE7282 /* Base */,
			);
			name = Main.storyboard;
			sourceTree = "<group>";
		};
		8C7B8ECD1D8D044300CE7282 /* LaunchScreen.storyboard */ = {
			isa = PBXVariantGroup;
			children = (
				8C7B8ECE1D8D044300CE7282 /* Base */,
			);
			name = LaunchScreen.storyboard;
			sourceTree = "<group>";
		};
/* End PBXVariantGroup section */

/* Begin XCBuildConfiguration section */
		8C7B8ED11D8D044300CE7282 /* Debug */ = {
			isa = XCBuildConfiguration;
			buildSettings = {
				ALWAYS_SEARCH_USER_PATHS = NO;
				CLANG_ANALYZER_NONNULL = YES;
				CLANG_CXX_LANGUAGE_STANDARD = "gnu++0x";
				CLANG_CXX_LIBRARY = "libc++";
				CLANG_ENABLE_MODULES = YES;
				CLANG_ENABLE_OBJC_ARC = YES;
				CLANG_WARN_BOOL_CONVERSION = YES;
				CLANG_WARN_CONSTANT_CONVERSION = YES;
				CLANG_WARN_DIRECT_OBJC_ISA_USAGE = YES_ERROR;
				CLANG_WARN_EMPTY_BODY = YES;
				CLANG_WARN_ENUM_CONVERSION = YES;
				CLANG_WARN_INT_CONVERSION = YES;
				CLANG_WARN_OBJC_ROOT_CLASS = YES_ERROR;
				CLANG_WARN_UNREACHABLE_CODE = YES;
				CLANG_WARN__DUPLICATE_METHOD_MATCH = YES;
				"CODE_SIGN_IDENTITY[sdk=iphoneos*]" = "iPhone Developer";
				COPY_PHASE_STRIP = NO;
				DEBUG_INFORMATION_FORMAT = dwarf;
				ENABLE_STRICT_OBJC_MSGSEND = YES;
				ENABLE_TESTABILITY = YES;
				GCC_C_LANGUAGE_STANDARD = gnu99;
				GCC_DYNAMIC_NO_PIC = NO;
				GCC_NO_COMMON_BLOCKS = YES;
				GCC_OPTIMIZATION_LEVEL = 0;
				GCC_PREPROCESSOR_DEFINITIONS = (
					"DEBUG=1",
					"$(inherited)",
				);
				GCC_WARN_64_TO_32_BIT_CONVERSION = YES;
				GCC_WARN_ABOUT_RETURN_TYPE = YES_ERROR;
				GCC_WARN_UNDECLARED_SELECTOR = YES;
				GCC_WARN_UNINITIALIZED_AUTOS = YES_AGGRESSIVE;
				GCC_WARN_UNUSED_FUNCTION = YES;
				GCC_WARN_UNUSED_VARIABLE = YES;
				IPHONEOS_DEPLOYMENT_TARGET = 9.3;
				MTL_ENABLE_DEBUG_INFO = YES;
				ONLY_ACTIVE_ARCH = YES;
				SDKROOT = iphoneos;
				SWIFT_OPTIMIZATION_LEVEL = "-Onone";
				TARGETED_DEVICE_FAMILY = "1,2";
			};
			name = Debug;
		};
		8C7B8ED21D8D044300CE7282 /* Release */ = {
			isa = XCBuildConfiguration;
			buildSettings = {
				ALWAYS_SEARCH_USER_PATHS = NO;
				CLANG_ANALYZER_NONNULL = YES;
				CLANG_CXX_LANGUAGE_STANDARD = "gnu++0x";
				CLANG_CXX_LIBRARY = "libc++";
				CLANG_ENABLE_MODULES = YES;
				CLANG_ENABLE_OBJC_ARC = YES;
				CLANG_WARN_BOOL_CONVERSION = YES;
				CLANG_WARN_CONSTANT_CONVERSION = YES;
				CLANG_WARN_DIRECT_OBJC_ISA_USAGE = YES_ERROR;
				CLANG_WARN_EMPTY_BODY = YES;
				CLANG_WARN_ENUM_CONVERSION = YES;
				CLANG_WARN_INT_CONVERSION = YES;
				CLANG_WARN_OBJC_ROOT_CLASS = YES_ERROR;
				CLANG_WARN_UNREACHABLE_CODE = YES;
				CLANG_WARN__DUPLICATE_METHOD_MATCH = YES;
				"CODE_SIGN_IDENTITY[sdk=iphoneos*]" = "iPhone Developer";
				COPY_PHASE_STRIP = NO;
				DEBUG_INFORMATION_FORMAT = "dwarf-with-dsym";
				ENABLE_NS_ASSERTIONS = NO;
				ENABLE_STRICT_OBJC_MSGSEND = YES;
				GCC_C_LANGUAGE_STANDARD = gnu99;
				GCC_NO_COMMON_BLOCKS = YES;
				GCC_WARN_64_TO_32_BIT_CONVERSION = YES;
				GCC_WARN_ABOUT_RETURN_TYPE = YES_ERROR;
				GCC_WARN_UNDECLARED_SELECTOR = YES;
				GCC_WARN_UNINITIALIZED_AUTOS = YES_AGGRESSIVE;
				GCC_WARN_UNUSED_FUNCTION = YES;
				GCC_WARN_UNUSED_VARIABLE = YES;
				IPHONEOS_DEPLOYMENT_TARGET = 9.3;
				MTL_ENABLE_DEBUG_INFO = NO;
				SDKROOT = iphoneos;
				TARGETED_DEVICE_FAMILY = "1,2";
				VALIDATE_PRODUCT = YES;
			};
			name = Release;
		};
		8C7B8ED41D8D044300CE7282 /* Debug */ = {
			isa = XCBuildConfiguration;
			buildSettings = {
				ASSETCATALOG_COMPILER_APPICON_NAME = AppIcon;
				INFOPLIST_FILE = "Movie-Search-Rohit/Info.plist";
				LD_RUNPATH_SEARCH_PATHS = "$(inherited) @executable_path/Frameworks";
				PRODUCT_BUNDLE_IDENTIFIER = "com.ignitesol.Movie-Search-Rohit";
				PRODUCT_NAME = "$(TARGET_NAME)";
			};
			name = Debug;
		};
		8C7B8ED51D8D044300CE7282 /* Release */ = {
			isa = XCBuildConfiguration;
			buildSettings = {
				ASSETCATALOG_COMPILER_APPICON_NAME = AppIcon;
				INFOPLIST_FILE = "Movie-Search-Rohit/Info.plist";
				LD_RUNPATH_SEARCH_PATHS = "$(inherited) @executable_path/Frameworks";
				PRODUCT_BUNDLE_IDENTIFIER = "com.ignitesol.Movie-Search-Rohit";
				PRODUCT_NAME = "$(TARGET_NAME)";
			};
			name = Release;
		};
/* End XCBuildConfiguration section */

/* Begin XCConfigurationList section */
		8C7B8EBC1D8D044200CE7282 /* Build configuration list for PBXProject "Movie-Search-Rohit" */ = {
			isa = XCConfigurationList;
			buildConfigurations = (
				8C7B8ED11D8D044300CE7282 /* Debug */,
				8C7B8ED21D8D044300CE7282 /* Release */,
			);
			defaultConfigurationIsVisible = 0;
			defaultConfigurationName = Release;
		};
		8C7B8ED31D8D044300CE7282 /* Build configuration list for PBXNativeTarget "Movie-Search-Rohit" */ = {
			isa = XCConfigurationList;
			buildConfigurations = (
				8C7B8ED41D8D044300CE7282 /* Debug */,
				8C7B8ED51D8D044300CE7282 /* Release */,
			);
			defaultConfigurationIsVisible = 0;
			defaultConfigurationName = Release;
		};
/* End XCConfigurationList section */
	};
	rootObject = 8C7B8EB91D8D044200CE7282 /* Project object */;
}
